[[package]]
category = "main"
description = "Alternative regular expression module, to replace re."
name = "regex"
optional = false
python-versions = "*"
version = "2020.1.8"

[metadata]
content-hash = "acbbe4f26a91ce7545c691730e2062d7f06a4d0664360edb3bb767a7fb98e7e1"
python-versions = "^3.7"

[metadata.hashes]
regex = ["07b39bf943d3d2fe63d46281d8504f8df0ff3fe4c57e13d1656737950e53e525", "0932941cdfb3afcbc26cc3bcf7c3f3d73d5a9b9c56955d432dbf8bbc147d4c5b", "0e182d2f097ea8549a249040922fa2b92ae28be4be4895933e369a525ba36576", "10671601ee06cf4dc1bc0b4805309040bb34c9af423c12c379c83d7895622bb5", "23e2c2c0ff50f44877f64780b815b8fd2e003cda9ce817a7fd00dea5600c84a0", "26ff99c980f53b3191d8931b199b29d6787c059f2e029b2b0c694343b1708c35", "27429b8d74ba683484a06b260b7bb00f312e7c757792628ea251afdbf1434003", "3e77409b678b21a056415da3a56abfd7c3ad03da71f3051bbcdb68cf44d3c34d", "4e8f02d3d72ca94efc8396f8036c0d3bcc812aefc28ec70f35bb888c74a25161", "4eae742636aec40cf7ab98171ab9400393360b97e8f9da67b1867a9ee0889b26", "6a6ae17bf8f2d82d1e8858a47757ce389b880083c4ff2498dba17c56e6c103b9", "6a6ba91b94427cd49cd27764679024b14a96874e0dc638ae6bdd4b1a3ce97be1", "7bcd322935377abcc79bfe5b63c44abd0b29387f267791d566bbb566edfdd146", "98b8ed7bb2155e2cbb8b76f627b2fd12cf4b22ab6e14873e8641f266e0fb6d8f", "bd25bb7980917e4e70ccccd7e3b5740614f1c408a642c245019cff9d7d1b6149", "d0f424328f9822b0323b3b6f2e4b9c90960b24743d220763c7f07071e0778351", "d58e4606da2a41659c84baeb3cfa2e4c87a74cec89a1e7c56bee4b956f9d7461", "e3cd21cc2840ca67de0bbe4071f79f031c81418deb544ceda93ad75ca1ee9f7b", "e6c02171d62ed6972ca8631f6f34fa3281d51db8b326ee397b9c83093a6b7242", "e7c7661f7276507bce416eaae22040fd91ca471b5b33c13f8ff21137ed6f248c", "ecc6de77df3ef68fee966bb8cb4e067e84d4d1f397d0ef6fce46913663540d77"]
